// !$*UTF8*$!
{
	archiveVersion = 1;
	classes = {
	};
	objectVersion = 50;
	objects = {

/* Begin PBXBuildFile section */
		632F38C1265011FD0027FF2A /* build in Resources */ = {isa = PBXBuildFile; fileRef = 632F38C0265011FD0027FF2A /* build */; };
		634935B326496415007A19A1 /* AppDelegate.swift in Sources */ = {isa = PBXBuildFile; fileRef = 634935B226496415007A19A1 /* AppDelegate.swift */; };
		634935B526496415007A19A1 /* SceneDelegate.swift in Sources */ = {isa = PBXBuildFile; fileRef = 634935B426496415007A19A1 /* SceneDelegate.swift */; };
		634935B726496415007A19A1 /* ViewController.swift in Sources */ = {isa = PBXBuildFile; fileRef = 634935B626496415007A19A1 /* ViewController.swift */; };
		634935BA26496415007A19A1 /* Main.storyboard in Resources */ = {isa = PBXBuildFile; fileRef = 634935B826496415007A19A1 /* Main.storyboard */; };
		634935BC26496416007A19A1 /* Assets.xcassets in Resources */ = {isa = PBXBuildFile; fileRef = 634935BB26496416007A19A1 /* Assets.xcassets */; };
		634935BF26496416007A19A1 /* LaunchScreen.storyboard in Resources */ = {isa = PBXBuildFile; fileRef = 634935BD26496416007A19A1 /* LaunchScreen.storyboard */; };
		634935CA26496416007A19A1 /* DarcoAppTests.swift in Sources */ = {isa = PBXBuildFile; fileRef = 634935C926496416007A19A1 /* DarcoAppTests.swift */; };
		634935D526496416007A19A1 /* DarcoAppUITests.swift in Sources */ = {isa = PBXBuildFile; fileRef = 634935D426496416007A19A1 /* DarcoAppUITests.swift */; };
		634935E3264969C7007A19A1 /* DarcoViewController.swift in Sources */ = {isa = PBXBuildFile; fileRef = 634935E2264969C7007A19A1 /* DarcoViewController.swift */; };
/* End PBXBuildFile section */

/* Begin PBXContainerItemProxy section */
		634935C626496416007A19A1 /* PBXContainerItemProxy */ = {
			isa = PBXContainerItemProxy;
			containerPortal = 634935A726496415007A19A1 /* Project object */;
			proxyType = 1;
			remoteGlobalIDString = 634935AE26496415007A19A1;
			remoteInfo = DarcoApp;
		};
		634935D126496416007A19A1 /* PBXContainerItemProxy */ = {
			isa = PBXContainerItemProxy;
			containerPortal = 634935A726496415007A19A1 /* Project object */;
			proxyType = 1;
			remoteGlobalIDString = 634935AE26496415007A19A1;
			remoteInfo = DarcoApp;
		};
/* End PBXContainerItemProxy section */

/* Begin PBXFileReference section */
		632F38C0265011FD0027FF2A /* build */ = {isa = PBXFileReference; lastKnownFileType = folder; name = build; path = "../../projects/react-swift-app/build"; sourceTree = "<group>"; };
		634935AF26496415007A19A1 /* DarcoApp.app */ = {isa = PBXFileReference; explicitFileType = wrapper.application; includeInIndex = 0; path = DarcoApp.app; sourceTree = BUILT_PRODUCTS_DIR; };
		634935B226496415007A19A1 /* AppDelegate.swift */ = {isa = PBXFileReference; lastKnownFileType = sourcecode.swift; path = AppDelegate.swift; sourceTree = "<group>"; };
		634935B426496415007A19A1 /* SceneDelegate.swift */ = {isa = PBXFileReference; lastKnownFileType = sourcecode.swift; path = SceneDelegate.swift; sourceTree = "<group>"; };
		634935B626496415007A19A1 /* ViewController.swift */ = {isa = PBXFileReference; lastKnownFileType = sourcecode.swift; path = ViewController.swift; sourceTree = "<group>"; };
		634935B926496415007A19A1 /* Base */ = {isa = PBXFileReference; lastKnownFileType = file.storyboard; name = Base; path = Base.lproj/Main.storyboard; sourceTree = "<group>"; };
		634935BB26496416007A19A1 /* Assets.xcassets */ = {isa = PBXFileReference; lastKnownFileType = folder.assetcatalog; path = Assets.xcassets; sourceTree = "<group>"; };
		634935BE26496416007A19A1 /* Base */ = {isa = PBXFileReference; lastKnownFileType = file.storyboard; name = Base; path = Base.lproj/LaunchScreen.storyboard; sourceTree = "<group>"; };
		634935C026496416007A19A1 /* Info.plist */ = {isa = PBXFileReference; lastKnownFileType = text.plist.xml; path = Info.plist; sourceTree = "<group>"; };
		634935C526496416007A19A1 /* DarcoAppTests.xctest */ = {isa = PBXFileReference; explicitFileType = wrapper.cfbundle; includeInIndex = 0; path = DarcoAppTests.xctest; sourceTree = BUILT_PRODUCTS_DIR; };
		634935C926496416007A19A1 /* DarcoAppTests.swift */ = {isa = PBXFileReference; lastKnownFileType = sourcecode.swift; path = DarcoAppTests.swift; sourceTree = "<group>"; };
		634935CB26496416007A19A1 /* Info.plist */ = {isa = PBXFileReference; lastKnownFileType = text.plist.xml; path = Info.plist; sourceTree = "<group>"; };
		634935D026496416007A19A1 /* DarcoAppUITests.xctest */ = {isa = PBXFileReference; explicitFileType = wrapper.cfbundle; includeInIndex = 0; path = DarcoAppUITests.xctest; sourceTree = BUILT_PRODUCTS_DIR; };
		634935D426496416007A19A1 /* DarcoAppUITests.swift */ = {isa = PBXFileReference; lastKnownFileType = sourcecode.swift; path = DarcoAppUITests.swift; sourceTree = "<group>"; };
		634935D626496416007A19A1 /* Info.plist */ = {isa = PBXFileReference; lastKnownFileType = text.plist.xml; path = Info.plist; sourceTree = "<group>"; };
		634935E2264969C7007A19A1 /* DarcoViewController.swift */ = {isa = PBXFileReference; lastKnownFileType = sourcecode.swift; path = DarcoViewController.swift; sourceTree = "<group>"; };
/* End PBXFileReference section */

/* Begin PBXFrameworksBuildPhase section */
		634935AC26496415007A19A1 /* Frameworks */ = {
			isa = PBXFrameworksBuildPhase;
			buildActionMask = 2147483647;
			files = (
			);
			runOnlyForDeploymentPostprocessing = 0;
		};
		634935C226496416007A19A1 /* Frameworks */ = {
			isa = PBXFrameworksBuildPhase;
			buildActionMask = 2147483647;
			files = (
			);
			runOnlyForDeploymentPostprocessing = 0;
		};
		634935CD26496416007A19A1 /* Frameworks */ = {
			isa = PBXFrameworksBuildPhase;
			buildActionMask = 2147483647;
			files = (
			);
			runOnlyForDeploymentPostprocessing = 0;
		};
/* End PBXFrameworksBuildPhase section */

/* Begin PBXGroup section */
		634935A626496415007A19A1 = {
			isa = PBXGroup;
			children = (
				632F38C0265011FD0027FF2A /* build */,
				634935B126496415007A19A1 /* DarcoApp */,
				634935C826496416007A19A1 /* DarcoAppTests */,
				634935D326496416007A19A1 /* DarcoAppUITests */,
				634935B026496415007A19A1 /* Products */,
			);
			sourceTree = "<group>";
		};
		634935B026496415007A19A1 /* Products */ = {
			isa = PBXGroup;
			children = (
				634935AF26496415007A19A1 /* DarcoApp.app */,
				634935C526496416007A19A1 /* DarcoAppTests.xctest */,
				634935D026496416007A19A1 /* DarcoAppUITests.xctest */,
			);
			name = Products;
			sourceTree = "<group>";
		};
		634935B126496415007A19A1 /* DarcoApp */ = {
			isa = PBXGroup;
			children = (
				634935B226496415007A19A1 /* AppDelegate.swift */,
				634935B426496415007A19A1 /* SceneDelegate.swift */,
				634935B626496415007A19A1 /* ViewController.swift */,
				634935B826496415007A19A1 /* Main.storyboard */,
				634935BB26496416007A19A1 /* Assets.xcassets */,
				634935BD26496416007A19A1 /* LaunchScreen.storyboard */,
				634935C026496416007A19A1 /* Info.plist */,
				634935E2264969C7007A19A1 /* DarcoViewController.swift */,
			);
			path = DarcoApp;
			sourceTree = "<group>";
		};
		634935C826496416007A19A1 /* DarcoAppTests */ = {
			isa = PBXGroup;
			children = (
				634935C926496416007A19A1 /* DarcoAppTests.swift */,
				634935CB26496416007A19A1 /* Info.plist */,
			);
			path = DarcoAppTests;
			sourceTree = "<group>";
		};
		634935D326496416007A19A1 /* DarcoAppUITests */ = {
			isa = PBXGroup;
			children = (
				634935D426496416007A19A1 /* DarcoAppUITests.swift */,
				634935D626496416007A19A1 /* Info.plist */,
			);
			path = DarcoAppUITests;
			sourceTree = "<group>";
		};
/* End PBXGroup section */

/* Begin PBXNativeTarget section */
		634935AE26496415007A19A1 /* DarcoApp */ = {
			isa = PBXNativeTarget;
			buildConfigurationList = 634935D926496416007A19A1 /* Build configuration list for PBXNativeTarget "DarcoApp" */;
			buildPhases = (
				634935AB26496415007A19A1 /* Sources */,
				634935AC26496415007A19A1 /* Frameworks */,
				634935AD26496415007A19A1 /* Resources */,
			);
			buildRules = (
			);
			dependencies = (
			);
			name = DarcoApp;
			productName = DarcoApp;
			productReference = 634935AF26496415007A19A1 /* DarcoApp.app */;
			productType = "com.apple.product-type.application";
		};
		634935C426496416007A19A1 /* DarcoAppTests */ = {
			isa = PBXNativeTarget;
			buildConfigurationList = 634935DC26496416007A19A1 /* Build configuration list for PBXNativeTarget "DarcoAppTests" */;
			buildPhases = (
				634935C126496416007A19A1 /* Sources */,
				634935C226496416007A19A1 /* Frameworks */,
				634935C326496416007A19A1 /* Resources */,
			);
			buildRules = (
			);
			dependencies = (
				634935C726496416007A19A1 /* PBXTargetDependency */,
			);
			name = DarcoAppTests;
			productName = DarcoAppTests;
			productReference = 634935C526496416007A19A1 /* DarcoAppTests.xctest */;
			productType = "com.apple.product-type.bundle.unit-test";
		};
		634935CF26496416007A19A1 /* DarcoAppUITests */ = {
			isa = PBXNativeTarget;
			buildConfigurationList = 634935DF26496416007A19A1 /* Build configuration list for PBXNativeTarget "DarcoAppUITests" */;
			buildPhases = (
				634935CC26496416007A19A1 /* Sources */,
				634935CD26496416007A19A1 /* Frameworks */,
				634935CE26496416007A19A1 /* Resources */,
			);
			buildRules = (
			);
			dependencies = (
				634935D226496416007A19A1 /* PBXTargetDependency */,
			);
			name = DarcoAppUITests;
			productName = DarcoAppUITests;
			productReference = 634935D026496416007A19A1 /* DarcoAppUITests.xctest */;
			productType = "com.apple.product-type.bundle.ui-testing";
		};
/* End PBXNativeTarget section */

/* Begin PBXProject section */
		634935A726496415007A19A1 /* Project object */ = {
			isa = PBXProject;
			attributes = {
				LastSwiftUpdateCheck = 1250;
				LastUpgradeCheck = 1250;
				TargetAttributes = {
					634935AE26496415007A19A1 = {
						CreatedOnToolsVersion = 12.5;
					};
					634935C426496416007A19A1 = {
						CreatedOnToolsVersion = 12.5;
						TestTargetID = 634935AE26496415007A19A1;
					};
					634935CF26496416007A19A1 = {
						CreatedOnToolsVersion = 12.5;
						TestTargetID = 634935AE26496415007A19A1;
					};
				};
			};
			buildConfigurationList = 634935AA26496415007A19A1 /* Build configuration list for PBXProject "DarcoApp" */;
			compatibilityVersion = "Xcode 9.3";
			developmentRegion = en;
			hasScannedForEncodings = 0;
			knownRegions = (
				en,
				Base,
			);
			mainGroup = 634935A626496415007A19A1;
			productRefGroup = 634935B026496415007A19A1 /* Products */;
			projectDirPath = "";
			projectRoot = "";
			targets = (
				634935AE26496415007A19A1 /* DarcoApp */,
				634935C426496416007A19A1 /* DarcoAppTests */,
				634935CF26496416007A19A1 /* DarcoAppUITests */,
			);
		};
/* End PBXProject section */

/* Begin PBXResourcesBuildPhase section */
		634935AD26496415007A19A1 /* Resources */ = {
			isa = PBXResourcesBuildPhase;
			buildActionMask = 2147483647;
			files = (
				634935BF26496416007A19A1 /* LaunchScreen.storyboard in Resources */,
				632F38C1265011FD0027FF2A /* build in Resources */,
				634935BC26496416007A19A1 /* Assets.xcassets in Resources */,
				634935BA26496415007A19A1 /* Main.storyboard in Resources */,
			);
			runOnlyForDeploymentPostprocessing = 0;
		};
		634935C326496416007A19A1 /* Resources */ = {
			isa = PBXResourcesBuildPhase;
			buildActionMask = 2147483647;
			files = (
			);
			runOnlyForDeploymentPostprocessing = 0;
		};
		634935CE26496416007A19A1 /* Resources */ = {
			isa = PBXResourcesBuildPhase;
			buildActionMask = 2147483647;
			files = (
			);
			runOnlyForDeploymentPostprocessing = 0;
		};
/* End PBXResourcesBuildPhase section */

/* Begin PBXSourcesBuildPhase section */
		634935AB26496415007A19A1 /* Sources */ = {
			isa = PBXSourcesBuildPhase;
			buildActionMask = 2147483647;
			files = (
				634935E3264969C7007A19A1 /* DarcoViewController.swift in Sources */,
				634935B726496415007A19A1 /* ViewController.swift in Sources */,
				634935B326496415007A19A1 /* AppDelegate.swift in Sources */,
				634935B526496415007A19A1 /* SceneDelegate.swift in Sources */,
			);
			runOnlyForDeploymentPostprocessing = 0;
		};
		634935C126496416007A19A1 /* Sources */ = {
			isa = PBXSourcesBuildPhase;
			buildActionMask = 2147483647;
			files = (
				634935CA26496416007A19A1 /* DarcoAppTests.swift in Sources */,
			);
			runOnlyForDeploymentPostprocessing = 0;
		};
		634935CC26496416007A19A1 /* Sources */ = {
			isa = PBXSourcesBuildPhase;
			buildActionMask = 2147483647;
			files = (
				634935D526496416007A19A1 /* DarcoAppUITests.swift in Sources */,
			);
			runOnlyForDeploymentPostprocessing = 0;
		};
/* End PBXSourcesBuildPhase section */

/* Begin PBXTargetDependency section */
		634935C726496416007A19A1 /* PBXTargetDependency */ = {
			isa = PBXTargetDependency;
			target = 634935AE26496415007A19A1 /* DarcoApp */;
			targetProxy = 634935C626496416007A19A1 /* PBXContainerItemProxy */;
		};
		634935D226496416007A19A1 /* PBXTargetDependency */ = {
			isa = PBXTargetDependency;
			target = 634935AE26496415007A19A1 /* DarcoApp */;
			targetProxy = 634935D126496416007A19A1 /* PBXContainerItemProxy */;
		};
/* End PBXTargetDependency section */

/* Begin PBXVariantGroup section */
		634935B826496415007A19A1 /* Main.storyboard */ = {
			isa = PBXVariantGroup;
			children = (
				634935B926496415007A19A1 /* Base */,
			);
			name = Main.storyboard;
			sourceTree = "<group>";
		};
		634935BD26496416007A19A1 /* LaunchScreen.storyboard */ = {
			isa = PBXVariantGroup;
			children = (
				634935BE26496416007A19A1 /* Base */,
			);
			name = LaunchScreen.storyboard;
			sourceTree = "<group>";
		};
/* End PBXVariantGroup section */

/* Begin XCBuildConfiguration section */
		634935D726496416007A19A1 /* Debug */ = {
			isa = XCBuildConfiguration;
			buildSettings = {
				ALWAYS_SEARCH_USER_PATHS = NO;
				CLANG_ANALYZER_NONNULL = YES;
				CLANG_ANALYZER_NUMBER_OBJECT_CONVERSION = YES_AGGRESSIVE;
				CLANG_CXX_LANGUAGE_STANDARD = "gnu++14";
				CLANG_CXX_LIBRARY = "libc++";
				CLANG_ENABLE_MODULES = YES;
				CLANG_ENABLE_OBJC_ARC = YES;
				CLANG_ENABLE_OBJC_WEAK = YES;
				CLANG_WARN_BLOCK_CAPTURE_AUTORELEASING = YES;
				CLANG_WARN_BOOL_CONVERSION = YES;
				CLANG_WARN_COMMA = YES;
				CLANG_WARN_CONSTANT_CONVERSION = YES;
				CLANG_WARN_DEPRECATED_OBJC_IMPLEMENTATIONS = YES;
				CLANG_WARN_DIRECT_OBJC_ISA_USAGE = YES_ERROR;
				CLANG_WARN_DOCUMENTATION_COMMENTS = YES;
				CLANG_WARN_EMPTY_BODY = YES;
				CLANG_WARN_ENUM_CONVERSION = YES;
				CLANG_WARN_INFINITE_RECURSION = YES;
				CLANG_WARN_INT_CONVERSION = YES;
				CLANG_WARN_NON_LITERAL_NULL_CONVERSION = YES;
				CLANG_WARN_OBJC_IMPLICIT_RETAIN_SELF = YES;
				CLANG_WARN_OBJC_LITERAL_CONVERSION = YES;
				CLANG_WARN_OBJC_ROOT_CLASS = YES_ERROR;
				CLANG_WARN_QUOTED_INCLUDE_IN_FRAMEWORK_HEADER = YES;
				CLANG_WARN_RANGE_LOOP_ANALYSIS = YES;
				CLANG_WARN_STRICT_PROTOTYPES = YES;
				CLANG_WARN_SUSPICIOUS_MOVE = YES;
				CLANG_WARN_UNGUARDED_AVAILABILITY = YES_AGGRESSIVE;
				CLANG_WARN_UNREACHABLE_CODE = YES;
				CLANG_WARN__DUPLICATE_METHOD_MATCH = YES;
				COPY_PHASE_STRIP = NO;
				DEBUG_INFORMATION_FORMAT = dwarf;
				ENABLE_STRICT_OBJC_MSGSEND = YES;
				ENABLE_TESTABILITY = YES;
				GCC_C_LANGUAGE_STANDARD = gnu11;
				GCC_DYNAMIC_NO_PIC = NO;
				GCC_NO_COMMON_BLOCKS = YES;
				GCC_OPTIMIZATION_LEVEL = 0;
				GCC_PREPROCESSOR_DEFINITIONS = (
					"DEBUG=1",
					"$(inherited)",
				);
				GCC_WARN_64_TO_32_BIT_CONVERSION = YES;
				GCC_WARN_ABOUT_RETURN_TYPE = YES_ERROR;
				GCC_WARN_UNDECLARED_SELECTOR = YES;
				GCC_WARN_UNINITIALIZED_AUTOS = YES_AGGRESSIVE;
				GCC_WARN_UNUSED_FUNCTION = YES;
				GCC_WARN_UNUSED_VARIABLE = YES;
				IPHONEOS_DEPLOYMENT_TARGET = 14.5;
				MTL_ENABLE_DEBUG_INFO = INCLUDE_SOURCE;
				MTL_FAST_MATH = YES;
				ONLY_ACTIVE_ARCH = YES;
				SDKROOT = iphoneos;
				SWIFT_ACTIVE_COMPILATION_CONDITIONS = DEBUG;
				SWIFT_OPTIMIZATION_LEVEL = "-Onone";
			};
			name = Debug;
		};
		634935D826496416007A19A1 /* Release */ = {
			isa = XCBuildConfiguration;
			buildSettings = {
				ALWAYS_SEARCH_USER_PATHS = NO;
				CLANG_ANALYZER_NONNULL = YES;
				CLANG_ANALYZER_NUMBER_OBJECT_CONVERSION = YES_AGGRESSIVE;
				CLANG_CXX_LANGUAGE_STANDARD = "gnu++14";
				CLANG_CXX_LIBRARY = "libc++";
				CLANG_ENABLE_MODULES = YES;
				CLANG_ENABLE_OBJC_ARC = YES;
				CLANG_ENABLE_OBJC_WEAK = YES;
				CLANG_WARN_BLOCK_CAPTURE_AUTORELEASING = YES;
				CLANG_WARN_BOOL_CONVERSION = YES;
				CLANG_WARN_COMMA = YES;
				CLANG_WARN_CONSTANT_CONVERSION = YES;
				CLANG_WARN_DEPRECATED_OBJC_IMPLEMENTATIONS = YES;
				CLANG_WARN_DIRECT_OBJC_ISA_USAGE = YES_ERROR;
				CLANG_WARN_DOCUMENTATION_COMMENTS = YES;
				CLANG_WARN_EMPTY_BODY = YES;
				CLANG_WARN_ENUM_CONVERSION = YES;
				CLANG_WARN_INFINITE_RECURSION = YES;
				CLANG_WARN_INT_CONVERSION = YES;
				CLANG_WARN_NON_LITERAL_NULL_CONVERSION = YES;
				CLANG_WARN_OBJC_IMPLICIT_RETAIN_SELF = YES;
				CLANG_WARN_OBJC_LITERAL_CONVERSION = YES;
				CLANG_WARN_OBJC_ROOT_CLASS = YES_ERROR;
				CLANG_WARN_QUOTED_INCLUDE_IN_FRAMEWORK_HEADER = YES;
				CLANG_WARN_RANGE_LOOP_ANALYSIS = YES;
				CLANG_WARN_STRICT_PROTOTYPES = YES;
				CLANG_WARN_SUSPICIOUS_MOVE = YES;
				CLANG_WARN_UNGUARDED_AVAILABILITY = YES_AGGRESSIVE;
				CLANG_WARN_UNREACHABLE_CODE = YES;
				CLANG_WARN__DUPLICATE_METHOD_MATCH = YES;
				COPY_PHASE_STRIP = NO;
				DEBUG_INFORMATION_FORMAT = "dwarf-with-dsym";
				ENABLE_NS_ASSERTIONS = NO;
				ENABLE_STRICT_OBJC_MSGSEND = YES;
				GCC_C_LANGUAGE_STANDARD = gnu11;
				GCC_NO_COMMON_BLOCKS = YES;
				GCC_WARN_64_TO_32_BIT_CONVERSION = YES;
				GCC_WARN_ABOUT_RETURN_TYPE = YES_ERROR;
				GCC_WARN_UNDECLARED_SELECTOR = YES;
				GCC_WARN_UNINITIALIZED_AUTOS = YES_AGGRESSIVE;
				GCC_WARN_UNUSED_FUNCTION = YES;
				GCC_WARN_UNUSED_VARIABLE = YES;
				IPHONEOS_DEPLOYMENT_TARGET = 14.5;
				MTL_ENABLE_DEBUG_INFO = NO;
				MTL_FAST_MATH = YES;
				SDKROOT = iphoneos;
				SWIFT_COMPILATION_MODE = wholemodule;
				SWIFT_OPTIMIZATION_LEVEL = "-O";
				VALIDATE_PRODUCT = YES;
			};
			name = Release;
		};
		634935DA26496416007A19A1 /* Debug */ = {
			isa = XCBuildConfiguration;
			buildSettings = {
				ASSETCATALOG_COMPILER_APPICON_NAME = AppIcon;
				ASSETCATALOG_COMPILER_GLOBAL_ACCENT_COLOR_NAME = AccentColor;
				CODE_SIGN_STYLE = Automatic;
				DEVELOPMENT_TEAM = 3B8S7SSNL8;
				INFOPLIST_FILE = DarcoApp/Info.plist;
				LD_RUNPATH_SEARCH_PATHS = (
					"$(inherited)",
					"@executable_path/Frameworks",
				);
				PRODUCT_BUNDLE_IDENTIFIER = parssa.DarcoApp;
				PRODUCT_NAME = "$(TARGET_NAME)";
				SWIFT_VERSION = 5.0;
				TARGETED_DEVICE_FAMILY = "1,2";
			};
			name = Debug;
		};
		634935DB26496416007A19A1 /* Release */ = {
			isa = XCBuildConfiguration;
			buildSettings = {
				ASSETCATALOG_COMPILER_APPICON_NAME = AppIcon;
				ASSETCATALOG_COMPILER_GLOBAL_ACCENT_COLOR_NAME = AccentColor;
				CODE_SIGN_STYLE = Automatic;
				DEVELOPMENT_TEAM = 3B8S7SSNL8;
				INFOPLIST_FILE = DarcoApp/Info.plist;
				LD_RUNPATH_SEARCH_PATHS = (
					"$(inherited)",
					"@executable_path/Frameworks",
				);
				PRODUCT_BUNDLE_IDENTIFIER = parssa.DarcoApp;
				PRODUCT_NAME = "$(TARGET_NAME)";
				SWIFT_VERSION = 5.0;
				TARGETED_DEVICE_FAMILY = "1,2";
			};
			name = Release;
		};
		634935DD26496416007A19A1 /* Debug */ = {
			isa = XCBuildConfiguration;
			buildSettings = {
				ALWAYS_EMBED_SWIFT_STANDARD_LIBRARIES = YES;
				BUNDLE_LOADER = "$(TEST_HOST)";
				CODE_SIGN_STYLE = Automatic;
				DEVELOPMENT_TEAM = 3B8S7SSNL8;
				INFOPLIST_FILE = DarcoAppTests/Info.plist;
				IPHONEOS_DEPLOYMENT_TARGET = 14.5;
				LD_RUNPATH_SEARCH_PATHS = (
					"$(inherited)",
					"@executable_path/Frameworks",
					"@loader_path/Frameworks",
				);
				PRODUCT_BUNDLE_IDENTIFIER = parssa.DarcoAppTests;
				PRODUCT_NAME = "$(TARGET_NAME)";
				SWIFT_VERSION = 5.0;
				TARGETED_DEVICE_FAMILY = "1,2";
				TEST_HOST = "$(BUILT_PRODUCTS_DIR)/DarcoApp.app/DarcoApp";
			};
			name = Debug;
		};
		634935DE26496416007A19A1 /* Release */ = {
			isa = XCBuildConfiguration;
			buildSettings = {
				ALWAYS_EMBED_SWIFT_STANDARD_LIBRARIES = YES;
				BUNDLE_LOADER = "$(TEST_HOST)";
				CODE_SIGN_STYLE = Automatic;
				DEVELOPMENT_TEAM = 3B8S7SSNL8;
				INFOPLIST_FILE = DarcoAppTests/Info.plist;
				IPHONEOS_DEPLOYMENT_TARGET = 14.5;
				LD_RUNPATH_SEARCH_PATHS = (
					"$(inherited)",
					"@executable_path/Frameworks",
					"@loader_path/Frameworks",
				);
				PRODUCT_BUNDLE_IDENTIFIER = parssa.DarcoAppTests;
				PRODUCT_NAME = "$(TARGET_NAME)";
				SWIFT_VERSION = 5.0;
				TARGETED_DEVICE_FAMILY = "1,2";
				TEST_HOST = "$(BUILT_PRODUCTS_DIR)/DarcoApp.app/DarcoApp";
			};
			name = Release;
		};
		634935E026496416007A19A1 /* Debug */ = {
			isa = XCBuildConfiguration;
			buildSettings = {
				ALWAYS_EMBED_SWIFT_STANDARD_LIBRARIES = YES;
				CODE_SIGN_STYLE = Automatic;
				DEVELOPMENT_TEAM = 3B8S7SSNL8;
				INFOPLIST_FILE = DarcoAppUITests/Info.plist;
				LD_RUNPATH_SEARCH_PATHS = (
					"$(inherited)",
					"@executable_path/Frameworks",
					"@loader_path/Frameworks",
				);
				PRODUCT_BUNDLE_IDENTIFIER = parssa.DarcoAppUITests;
				PRODUCT_NAME = "$(TARGET_NAME)";
				SWIFT_VERSION = 5.0;
				TARGETED_DEVICE_FAMILY = "1,2";
				TEST_TARGET_NAME = DarcoApp;
			};
			name = Debug;
		};
		634935E126496416007A19A1 /* Release */ = {
			isa = XCBuildConfiguration;
			buildSettings = {
				ALWAYS_EMBED_SWIFT_STANDARD_LIBRARIES = YES;
				CODE_SIGN_STYLE = Automatic;
				DEVELOPMENT_TEAM = 3B8S7SSNL8;
				INFOPLIST_FILE = DarcoAppUITests/Info.plist;
				LD_RUNPATH_SEARCH_PATHS = (
					"$(inherited)",
					"@executable_path/Frameworks",
					"@loader_path/Frameworks",
				);
				PRODUCT_BUNDLE_IDENTIFIER = parssa.DarcoAppUITests;
				PRODUCT_NAME = "$(TARGET_NAME)";
				SWIFT_VERSION = 5.0;
				TARGETED_DEVICE_FAMILY = "1,2";
				TEST_TARGET_NAME = DarcoApp;
			};
			name = Release;
		};
/* End XCBuildConfiguration section */

/* Begin XCConfigurationList section */
		634935AA26496415007A19A1 /* Build configuration list for PBXProject "DarcoApp" */ = {
			isa = XCConfigurationList;
			buildConfigurations = (
				634935D726496416007A19A1 /* Debug */,
				634935D826496416007A19A1 /* Release */,
			);
			defaultConfigurationIsVisible = 0;
			defaultConfigurationName = Release;
		};
		634935D926496416007A19A1 /* Build configuration list for PBXNativeTarget "DarcoApp" */ = {
			isa = XCConfigurationList;
			buildConfigurations = (
				634935DA26496416007A19A1 /* Debug */,
				634935DB26496416007A19A1 /* Release */,
			);
			defaultConfigurationIsVisible = 0;
			defaultConfigurationName = Release;
		};
		634935DC26496416007A19A1 /* Build configuration list for PBXNativeTarget "DarcoAppTests" */ = {
			isa = XCConfigurationList;
			buildConfigurations = (
				634935DD26496416007A19A1 /* Debug */,
				634935DE26496416007A19A1 /* Release */,
			);
			defaultConfigurationIsVisible = 0;
			defaultConfigurationName = Release;
		};
		634935DF26496416007A19A1 /* Build configuration list for PBXNativeTarget "DarcoAppUITests" */ = {
			isa = XCConfigurationList;
			buildConfigurations = (
				634935E026496416007A19A1 /* Debug */,
				634935E126496416007A19A1 /* Release */,
			);
			defaultConfigurationIsVisible = 0;
			defaultConfigurationName = Release;
		};
/* End XCConfigurationList section */
	};
	rootObject = 634935A726496415007A19A1 /* Project object */;
}
